
Microsoft Visual Studio Solution File, Format Version 12.00
# Visual Studio 15
VisualStudioVersion = 15.0.28307.2017
MinimumVisualStudioVersion = 10.0.40219.1
Project("{FAE04EC0-301F-11D3-BF4B-00C04F79EFBC}") = "SignUp", "SignUp\SignUp.csproj", "{4D620919-10C7-458F-B3C6-912B6D642852}"
EndProject
Project("{FAE04EC0-301F-11D3-BF4B-00C04F79EFBC}") = "ISP_Project", "ISP_Project\ISP_Project.csproj", "{71A0B2C4-916F-4F99-BAD4-97D6EF5CCF51}"
EndProject
Global
	GlobalSection(SolutionConfigurationPlatforms) = preSolution
		Debug|Any CPU = Debug|Any CPU
		Release|Any CPU = Release|Any CPU
	EndGlobalSection
	GlobalSection(ProjectConfigurationPlatforms) = postSolution
		{4D620919-10C7-458F-B3C6-912B6D642852}.Debug|Any CPU.ActiveCfg = Debug|Any CPU
		{4D620919-10C7-458F-B3C6-912B6D642852}.Debug|Any CPU.Build.0 = Debug|Any CPU
		{4D620919-10C7-458F-B3C6-912B6D642852}.Release|Any CPU.ActiveCfg = Release|Any CPU
		{4D620919-10C7-458F-B3C6-912B6D642852}.Release|Any CPU.Build.0 = Release|Any CPU
		{71A0B2C4-916F-4F99-BAD4-97D6EF5CCF51}.Debug|Any CPU.ActiveCfg = Debug|Any CPU
		{71A0B2C4-916F-4F99-BAD4-97D6EF5CCF51}.Debug|Any CPU.Build.0 = Debug|Any CPU
		{71A0B2C4-916F-4F99-BAD4-97D6EF5CCF51}.Release|Any CPU.ActiveCfg = Release|Any CPU
		{71A0B2C4-916F-4F99-BAD4-97D6EF5CCF51}.Release|Any CPU.Build.0 = Release|Any CPU
	EndGlobalSection
	GlobalSection(SolutionProperties) = preSolution
		HideSolutionNode = FALSE
	EndGlobalSection
	GlobalSection(ExtensibilityGlobals) = postSolution
		SolutionGuid = {C9324623-4506-45BB-B255-73921EC6C663}
	EndGlobalSection
EndGlobal
